
Microsoft Visual Studio Solution File, Format Version 12.00
# Visual Studio 15
Project("{FAE04EC0-301F-11D3-BF4B-00C04F79EFBC}") = "Assembly-CSharp", "Assembly-CSharp.csproj", "{2F468B98-182A-70DD-052D-CB69F7BD66D1}"
EndProject
Project("{FAE04EC0-301F-11D3-BF4B-00C04F79EFBC}") = "Unity.2DPlatformer.Tutorials", "Unity.2DPlatformer.Tutorials.csproj", "{B19DFCD2-517C-99C4-4B24-BB5D9F387C28}"
EndProject
Project("{FAE04EC0-301F-11D3-BF4B-00C04F79EFBC}") = "Unity.Platformer.Tutorials", "Unity.Platformer.Tutorials.csproj", "{F7F6C766-AA79-92F8-EF2E-9E1821F7FEA1}"
EndProject
Project("{FAE04EC0-301F-11D3-BF4B-00C04F79EFBC}") = "Assembly-CSharp-Editor", "Assembly-CSharp-Editor.csproj", "{2D88EB69-64E1-A262-FA6B-3F0D2E018DE3}"
EndProject
Global
	GlobalSection(SolutionConfigurationPlatforms) = preSolution
		Debug|Any CPU = Debug|Any CPU
		Release|Any CPU = Release|Any CPU
	EndGlobalSection
	GlobalSection(ProjectConfigurationPlatforms) = postSolution
		{2F468B98-182A-70DD-052D-CB69F7BD66D1}.Debug|Any CPU.ActiveCfg = Debug|Any CPU
		{2F468B98-182A-70DD-052D-CB69F7BD66D1}.Debug|Any CPU.Build.0 = Debug|Any CPU
		{2F468B98-182A-70DD-052D-CB69F7BD66D1}.Release|Any CPU.ActiveCfg = Release|Any CPU
		{2F468B98-182A-70DD-052D-CB69F7BD66D1}.Release|Any CPU.Build.0 = Release|Any CPU
		{B19DFCD2-517C-99C4-4B24-BB5D9F387C28}.Debug|Any CPU.ActiveCfg = Debug|Any CPU
		{B19DFCD2-517C-99C4-4B24-BB5D9F387C28}.Debug|Any CPU.Build.0 = Debug|Any CPU
		{B19DFCD2-517C-99C4-4B24-BB5D9F387C28}.Release|Any CPU.ActiveCfg = Release|Any CPU
		{B19DFCD2-517C-99C4-4B24-BB5D9F387C28}.Release|Any CPU.Build.0 = Release|Any CPU
		{F7F6C766-AA79-92F8-EF2E-9E1821F7FEA1}.Debug|Any CPU.ActiveCfg = Debug|Any CPU
		{F7F6C766-AA79-92F8-EF2E-9E1821F7FEA1}.Debug|Any CPU.Build.0 = Debug|Any CPU
		{F7F6C766-AA79-92F8-EF2E-9E1821F7FEA1}.Release|Any CPU.ActiveCfg = Release|Any CPU
		{F7F6C766-AA79-92F8-EF2E-9E1821F7FEA1}.Release|Any CPU.Build.0 = Release|Any CPU
		{2D88EB69-64E1-A262-FA6B-3F0D2E018DE3}.Debug|Any CPU.ActiveCfg = Debug|Any CPU
		{2D88EB69-64E1-A262-FA6B-3F0D2E018DE3}.Debug|Any CPU.Build.0 = Debug|Any CPU
		{2D88EB69-64E1-A262-FA6B-3F0D2E018DE3}.Release|Any CPU.ActiveCfg = Release|Any CPU
		{2D88EB69-64E1-A262-FA6B-3F0D2E018DE3}.Release|Any CPU.Build.0 = Release|Any CPU
	EndGlobalSection
	GlobalSection(SolutionProperties) = preSolution
		HideSolutionNode = FALSE
	EndGlobalSection
EndGlobal
